// !$*UTF8*$!
{
	archiveVersion = 1;
	classes = {
	};
	objectVersion = 56;
	objects = {

/* Begin PBXBuildFile section */
		21E10B252C81B159001BB02A /* StopWatchApp.swift in Sources */ = {isa = PBXBuildFile; fileRef = 21E10B242C81B159001BB02A /* StopWatchApp.swift */; };
		21E10B272C81B159001BB02A /* ContentView.swift in Sources */ = {isa = PBXBuildFile; fileRef = 21E10B262C81B159001BB02A /* ContentView.swift */; };
		21E10B292C81B15B001BB02A /* Assets.xcassets in Resources */ = {isa = PBXBuildFile; fileRef = 21E10B282C81B15B001BB02A /* Assets.xcassets */; };
		21E10B2C2C81B15B001BB02A /* Preview Assets.xcassets in Resources */ = {isa = PBXBuildFile; fileRef = 21E10B2B2C81B15B001BB02A /* Preview Assets.xcassets */; };
		21E10B332C81B16D001BB02A /* ViewModel.swift in Sources */ = {isa = PBXBuildFile; fileRef = 21E10B322C81B16D001BB02A /* ViewModel.swift */; };
		21E10BB52C81EF71001BB02A /* WidgetKit.framework in Frameworks */ = {isa = PBXBuildFile; fileRef = 21E10BB42C81EF71001BB02A /* WidgetKit.framework */; };
		21E10BB72C81EF71001BB02A /* SwiftUI.framework in Frameworks */ = {isa = PBXBuildFile; fileRef = 21E10BB62C81EF71001BB02A /* SwiftUI.framework */; };
		21E10BBA2C81EF71001BB02A /* LiveTimeActivityBundle.swift in Sources */ = {isa = PBXBuildFile; fileRef = 21E10BB92C81EF71001BB02A /* LiveTimeActivityBundle.swift */; };
		21E10BBC2C81EF71001BB02A /* LiveTimeActivity.swift in Sources */ = {isa = PBXBuildFile; fileRef = 21E10BBB2C81EF71001BB02A /* LiveTimeActivity.swift */; };
		21E10BBE2C81EF74001BB02A /* Assets.xcassets in Resources */ = {isa = PBXBuildFile; fileRef = 21E10BBD2C81EF74001BB02A /* Assets.xcassets */; };
		21E10BC22C81EF75001BB02A /* LiveTimeActivityExtension.appex in Embed Foundation Extensions */ = {isa = PBXBuildFile; fileRef = 21E10BB22C81EF71001BB02A /* LiveTimeActivityExtension.appex */; settings = {ATTRIBUTES = (RemoveHeadersOnCopy, ); }; };
		21E10BC82C81EFA6001BB02A /* StopWatchAttribute.swift in Sources */ = {isa = PBXBuildFile; fileRef = 21E10BC72C81EFA6001BB02A /* StopWatchAttribute.swift */; };
		21E10BC92C81EFA6001BB02A /* StopWatchAttribute.swift in Sources */ = {isa = PBXBuildFile; fileRef = 21E10BC72C81EFA6001BB02A /* StopWatchAttribute.swift */; };
/* End PBXBuildFile section */

/* Begin PBXContainerItemProxy section */
		21E10BC02C81EF74001BB02A /* PBXContainerItemProxy */ = {
			isa = PBXContainerItemProxy;
			containerPortal = 21E10B192C81B159001BB02A /* Project object */;
			proxyType = 1;
			remoteGlobalIDString = 21E10BB12C81EF71001BB02A;
			remoteInfo = LiveTimeActivityExtension;
		};
/* End PBXContainerItemProxy section */

/* Begin PBXCopyFilesBuildPhase section */
		21E10BC62C81EF75001BB02A /* Embed Foundation Extensions */ = {
			isa = PBXCopyFilesBuildPhase;
			buildActionMask = 2147483647;
			dstPath = "";
			dstSubfolderSpec = 13;
			files = (
				21E10BC22C81EF75001BB02A /* LiveTimeActivityExtension.appex in Embed Foundation Extensions */,
			);
			name = "Embed Foundation Extensions";
			runOnlyForDeploymentPostprocessing = 0;
		};
/* End PBXCopyFilesBuildPhase section */

/* Begin PBXFileReference section */
		21E10B212C81B159001BB02A /* StopWatch.app */ = {isa = PBXFileReference; explicitFileType = wrapper.application; includeInIndex = 0; path = StopWatch.app; sourceTree = BUILT_PRODUCTS_DIR; };
		21E10B242C81B159001BB02A /* StopWatchApp.swift */ = {isa = PBXFileReference; lastKnownFileType = sourcecode.swift; path = StopWatchApp.swift; sourceTree = "<group>"; };
		21E10B262C81B159001BB02A /* ContentView.swift */ = {isa = PBXFileReference; lastKnownFileType = sourcecode.swift; path = ContentView.swift; sourceTree = "<group>"; };
		21E10B282C81B15B001BB02A /* Assets.xcassets */ = {isa = PBXFileReference; lastKnownFileType = folder.assetcatalog; path = Assets.xcassets; sourceTree = "<group>"; };
		21E10B2B2C81B15B001BB02A /* Preview Assets.xcassets */ = {isa = PBXFileReference; lastKnownFileType = folder.assetcatalog; path = "Preview Assets.xcassets"; sourceTree = "<group>"; };
		21E10B322C81B16D001BB02A /* ViewModel.swift */ = {isa = PBXFileReference; lastKnownFileType = sourcecode.swift; path = ViewModel.swift; sourceTree = "<group>"; };
		21E10B342C81CD32001BB02A /* Info.plist */ = {isa = PBXFileReference; lastKnownFileType = text.plist; path = Info.plist; sourceTree = "<group>"; };
		21E10BB22C81EF71001BB02A /* LiveTimeActivityExtension.appex */ = {isa = PBXFileReference; explicitFileType = "wrapper.app-extension"; includeInIndex = 0; path = LiveTimeActivityExtension.appex; sourceTree = BUILT_PRODUCTS_DIR; };
		21E10BB42C81EF71001BB02A /* WidgetKit.framework */ = {isa = PBXFileReference; lastKnownFileType = wrapper.framework; name = WidgetKit.framework; path = System/Library/Frameworks/WidgetKit.framework; sourceTree = SDKROOT; };
		21E10BB62C81EF71001BB02A /* SwiftUI.framework */ = {isa = PBXFileReference; lastKnownFileType = wrapper.framework; name = SwiftUI.framework; path = System/Library/Frameworks/SwiftUI.framework; sourceTree = SDKROOT; };
		21E10BB92C81EF71001BB02A /* LiveTimeActivityBundle.swift */ = {isa = PBXFileReference; lastKnownFileType = sourcecode.swift; path = LiveTimeActivityBundle.swift; sourceTree = "<group>"; };
		21E10BBB2C81EF71001BB02A /* LiveTimeActivity.swift */ = {isa = PBXFileReference; lastKnownFileType = sourcecode.swift; path = LiveTimeActivity.swift; sourceTree = "<group>"; };
		21E10BBD2C81EF74001BB02A /* Assets.xcassets */ = {isa = PBXFileReference; lastKnownFileType = folder.assetcatalog; path = Assets.xcassets; sourceTree = "<group>"; };
		21E10BBF2C81EF74001BB02A /* Info.plist */ = {isa = PBXFileReference; lastKnownFileType = text.plist.xml; path = Info.plist; sourceTree = "<group>"; };
		21E10BC72C81EFA6001BB02A /* StopWatchAttribute.swift */ = {isa = PBXFileReference; lastKnownFileType = sourcecode.swift; path = StopWatchAttribute.swift; sourceTree = "<group>"; };
/* End PBXFileReference section */

/* Begin PBXFrameworksBuildPhase section */
		21E10B1E2C81B159001BB02A /* Frameworks */ = {
			isa = PBXFrameworksBuildPhase;
			buildActionMask = 2147483647;
			files = (
			);
			runOnlyForDeploymentPostprocessing = 0;
		};
		21E10BAF2C81EF71001BB02A /* Frameworks */ = {
			isa = PBXFrameworksBuildPhase;
			buildActionMask = 2147483647;
			files = (
				21E10BB72C81EF71001BB02A /* SwiftUI.framework in Frameworks */,
				21E10BB52C81EF71001BB02A /* WidgetKit.framework in Frameworks */,
			);
			runOnlyForDeploymentPostprocessing = 0;
		};
/* End PBXFrameworksBuildPhase section */

/* Begin PBXGroup section */
		21E10B182C81B159001BB02A = {
			isa = PBXGroup;
			children = (
				21E10B232C81B159001BB02A /* StopWatch */,
				21E10BB82C81EF71001BB02A /* LiveTimeActivity */,
				21E10BB32C81EF71001BB02A /* Frameworks */,
				21E10B222C81B159001BB02A /* Products */,
			);
			sourceTree = "<group>";
		};
		21E10B222C81B159001BB02A /* Products */ = {
			isa = PBXGroup;
			children = (
				21E10B212C81B159001BB02A /* StopWatch.app */,
				21E10BB22C81EF71001BB02A /* LiveTimeActivityExtension.appex */,
			);
			name = Products;
			sourceTree = "<group>";
		};
		21E10B232C81B159001BB02A /* StopWatch */ = {
			isa = PBXGroup;
			children = (
				21E10B342C81CD32001BB02A /* Info.plist */,
				21E10B242C81B159001BB02A /* StopWatchApp.swift */,
				21E10B262C81B159001BB02A /* ContentView.swift */,
				21E10BC72C81EFA6001BB02A /* StopWatchAttribute.swift */,
				21E10B322C81B16D001BB02A /* ViewModel.swift */,
				21E10B282C81B15B001BB02A /* Assets.xcassets */,
				21E10B2A2C81B15B001BB02A /* Preview Content */,
			);
			path = StopWatch;
			sourceTree = "<group>";
		};
		21E10B2A2C81B15B001BB02A /* Preview Content */ = {
			isa = PBXGroup;
			children = (
				21E10B2B2C81B15B001BB02A /* Preview Assets.xcassets */,
			);
			path = "Preview Content";
			sourceTree = "<group>";
		};
		21E10BB32C81EF71001BB02A /* Frameworks */ = {
			isa = PBXGroup;
			children = (
				21E10BB42C81EF71001BB02A /* WidgetKit.framework */,
				21E10BB62C81EF71001BB02A /* SwiftUI.framework */,
			);
			name = Frameworks;
			sourceTree = "<group>";
		};
		21E10BB82C81EF71001BB02A /* LiveTimeActivity */ = {
			isa = PBXGroup;
			children = (
				21E10BB92C81EF71001BB02A /* LiveTimeActivityBundle.swift */,
				21E10BBB2C81EF71001BB02A /* LiveTimeActivity.swift */,
				21E10BBD2C81EF74001BB02A /* Assets.xcassets */,
				21E10BBF2C81EF74001BB02A /* Info.plist */,
			);
			path = LiveTimeActivity;
			sourceTree = "<group>";
		};
/* End PBXGroup section */

/* Begin PBXNativeTarget section */
		21E10B202C81B159001BB02A /* StopWatch */ = {
			isa = PBXNativeTarget;
			buildConfigurationList = 21E10B2F2C81B15B001BB02A /* Build configuration list for PBXNativeTarget "StopWatch" */;
			buildPhases = (
				21E10B1D2C81B159001BB02A /* Sources */,
				21E10B1E2C81B159001BB02A /* Frameworks */,
				21E10B1F2C81B159001BB02A /* Resources */,
				21E10BC62C81EF75001BB02A /* Embed Foundation Extensions */,
			);
			buildRules = (
			);
			dependencies = (
				21E10BC12C81EF74001BB02A /* PBXTargetDependency */,
			);
			name = StopWatch;
			productName = StopWatch;
			productReference = 21E10B212C81B159001BB02A /* StopWatch.app */;
			productType = "com.apple.product-type.application";
		};
		21E10BB12C81EF71001BB02A /* LiveTimeActivityExtension */ = {
			isa = PBXNativeTarget;
			buildConfigurationList = 21E10BC32C81EF75001BB02A /* Build configuration list for PBXNativeTarget "LiveTimeActivityExtension" */;
			buildPhases = (
				21E10BAE2C81EF71001BB02A /* Sources */,
				21E10BAF2C81EF71001BB02A /* Frameworks */,
				21E10BB02C81EF71001BB02A /* Resources */,
			);
			buildRules = (
			);
			dependencies = (
			);
			name = LiveTimeActivityExtension;
			productName = LiveTimeActivityExtension;
			productReference = 21E10BB22C81EF71001BB02A /* LiveTimeActivityExtension.appex */;
			productType = "com.apple.product-type.app-extension";
		};
/* End PBXNativeTarget section */

/* Begin PBXProject section */
		21E10B192C81B159001BB02A /* Project object */ = {
			isa = PBXProject;
			attributes = {
				BuildIndependentTargetsInParallel = 1;
				LastSwiftUpdateCheck = 1500;
				LastUpgradeCheck = 1500;
				TargetAttributes = {
					21E10B202C81B159001BB02A = {
						CreatedOnToolsVersion = 15.0.1;
					};
					21E10BB12C81EF71001BB02A = {
						CreatedOnToolsVersion = 15.0.1;
					};
				};
			};
			buildConfigurationList = 21E10B1C2C81B159001BB02A /* Build configuration list for PBXProject "StopWatch" */;
			compatibilityVersion = "Xcode 14.0";
			developmentRegion = en;
			hasScannedForEncodings = 0;
			knownRegions = (
				en,
				Base,
			);
			mainGroup = 21E10B182C81B159001BB02A;
			productRefGroup = 21E10B222C81B159001BB02A /* Products */;
			projectDirPath = "";
			projectRoot = "";
			targets = (
				21E10B202C81B159001BB02A /* StopWatch */,
				21E10BB12C81EF71001BB02A /* LiveTimeActivityExtension */,
			);
		};
/* End PBXProject section */

/* Begin PBXResourcesBuildPhase section */
		21E10B1F2C81B159001BB02A /* Resources */ = {
			isa = PBXResourcesBuildPhase;
			buildActionMask = 2147483647;
			files = (
				21E10B2C2C81B15B001BB02A /* Preview Assets.xcassets in Resources */,
				21E10B292C81B15B001BB02A /* Assets.xcassets in Resources */,
			);
			runOnlyForDeploymentPostprocessing = 0;
		};
		21E10BB02C81EF71001BB02A /* Resources */ = {
			isa = PBXResourcesBuildPhase;
			buildActionMask = 2147483647;
			files = (
				21E10BBE2C81EF74001BB02A /* Assets.xcassets in Resources */,
			);
			runOnlyForDeploymentPostprocessing = 0;
		};
/* End PBXResourcesBuildPhase section */

/* Begin PBXSourcesBuildPhase section */
		21E10B1D2C81B159001BB02A /* Sources */ = {
			isa = PBXSourcesBuildPhase;
			buildActionMask = 2147483647;
			files = (
				21E10BC82C81EFA6001BB02A /* StopWatchAttribute.swift in Sources */,
				21E10B272C81B159001BB02A /* ContentView.swift in Sources */,
				21E10B332C81B16D001BB02A /* ViewModel.swift in Sources */,
				21E10B252C81B159001BB02A /* StopWatchApp.swift in Sources */,
			);
			runOnlyForDeploymentPostprocessing = 0;
		};
		21E10BAE2C81EF71001BB02A /* Sources */ = {
			isa = PBXSourcesBuildPhase;
			buildActionMask = 2147483647;
			files = (
				21E10BBA2C81EF71001BB02A /* LiveTimeActivityBundle.swift in Sources */,
				21E10BBC2C81EF71001BB02A /* LiveTimeActivity.swift in Sources */,
				21E10BC92C81EFA6001BB02A /* StopWatchAttribute.swift in Sources */,
			);
			runOnlyForDeploymentPostprocessing = 0;
		};
/* End PBXSourcesBuildPhase section */

/* Begin PBXTargetDependency section */
		21E10BC12C81EF74001BB02A /* PBXTargetDependency */ = {
			isa = PBXTargetDependency;
			target = 21E10BB12C81EF71001BB02A /* LiveTimeActivityExtension */;
			targetProxy = 21E10BC02C81EF74001BB02A /* PBXContainerItemProxy */;
		};
/* End PBXTargetDependency section */

/* Begin XCBuildConfiguration section */
		21E10B2D2C81B15B001BB02A /* Debug */ = {
			isa = XCBuildConfiguration;
			buildSettings = {
				ALWAYS_SEARCH_USER_PATHS = NO;
				ASSETCATALOG_COMPILER_GENERATE_SWIFT_ASSET_SYMBOL_EXTENSIONS = YES;
				CLANG_ANALYZER_NONNULL = YES;
				CLANG_ANALYZER_NUMBER_OBJECT_CONVERSION = YES_AGGRESSIVE;
				CLANG_CXX_LANGUAGE_STANDARD = "gnu++20";
				CLANG_ENABLE_MODULES = YES;
				CLANG_ENABLE_OBJC_ARC = YES;
				CLANG_ENABLE_OBJC_WEAK = YES;
				CLANG_WARN_BLOCK_CAPTURE_AUTORELEASING = YES;
				CLANG_WARN_BOOL_CONVERSION = YES;
				CLANG_WARN_COMMA = YES;
				CLANG_WARN_CONSTANT_CONVERSION = YES;
				CLANG_WARN_DEPRECATED_OBJC_IMPLEMENTATIONS = YES;
				CLANG_WARN_DIRECT_OBJC_ISA_USAGE = YES_ERROR;
				CLANG_WARN_DOCUMENTATION_COMMENTS = YES;
				CLANG_WARN_EMPTY_BODY = YES;
				CLANG_WARN_ENUM_CONVERSION = YES;
				CLANG_WARN_INFINITE_RECURSION = YES;
				CLANG_WARN_INT_CONVERSION = YES;
				CLANG_WARN_NON_LITERAL_NULL_CONVERSION = YES;
				CLANG_WARN_OBJC_IMPLICIT_RETAIN_SELF = YES;
				CLANG_WARN_OBJC_LITERAL_CONVERSION = YES;
				CLANG_WARN_OBJC_ROOT_CLASS = YES_ERROR;
				CLANG_WARN_QUOTED_INCLUDE_IN_FRAMEWORK_HEADER = YES;
				CLANG_WARN_RANGE_LOOP_ANALYSIS = YES;
				CLANG_WARN_STRICT_PROTOTYPES = YES;
				CLANG_WARN_SUSPICIOUS_MOVE = YES;
				CLANG_WARN_UNGUARDED_AVAILABILITY = YES_AGGRESSIVE;
				CLANG_WARN_UNREACHABLE_CODE = YES;
				CLANG_WARN__DUPLICATE_METHOD_MATCH = YES;
				COPY_PHASE_STRIP = NO;
				DEBUG_INFORMATION_FORMAT = dwarf;
				ENABLE_STRICT_OBJC_MSGSEND = YES;
				ENABLE_TESTABILITY = YES;
				ENABLE_USER_SCRIPT_SANDBOXING = YES;
				GCC_C_LANGUAGE_STANDARD = gnu17;
				GCC_DYNAMIC_NO_PIC = NO;
				GCC_NO_COMMON_BLOCKS = YES;
				GCC_OPTIMIZATION_LEVEL = 0;
				GCC_PREPROCESSOR_DEFINITIONS = (
					"DEBUG=1",
					"$(inherited)",
				);
				GCC_WARN_64_TO_32_BIT_CONVERSION = YES;
				GCC_WARN_ABOUT_RETURN_TYPE = YES_ERROR;
				GCC_WARN_UNDECLARED_SELECTOR = YES;
				GCC_WARN_UNINITIALIZED_AUTOS = YES_AGGRESSIVE;
				GCC_WARN_UNUSED_FUNCTION = YES;
				GCC_WARN_UNUSED_VARIABLE = YES;
				IPHONEOS_DEPLOYMENT_TARGET = 17.0;
				LOCALIZATION_PREFERS_STRING_CATALOGS = YES;
				MTL_ENABLE_DEBUG_INFO = INCLUDE_SOURCE;
				MTL_FAST_MATH = YES;
				ONLY_ACTIVE_ARCH = YES;
				SDKROOT = iphoneos;
				SWIFT_ACTIVE_COMPILATION_CONDITIONS = "DEBUG $(inherited)";
				SWIFT_OPTIMIZATION_LEVEL = "-Onone";
			};
			name = Debug;
		};
		21E10B2E2C81B15B001BB02A /* Release */ = {
			isa = XCBuildConfiguration;
			buildSettings = {
				ALWAYS_SEARCH_USER_PATHS = NO;
				ASSETCATALOG_COMPILER_GENERATE_SWIFT_ASSET_SYMBOL_EXTENSIONS = YES;
				CLANG_ANALYZER_NONNULL = YES;
				CLANG_ANALYZER_NUMBER_OBJECT_CONVERSION = YES_AGGRESSIVE;
				CLANG_CXX_LANGUAGE_STANDARD = "gnu++20";
				CLANG_ENABLE_MODULES = YES;
				CLANG_ENABLE_OBJC_ARC = YES;
				CLANG_ENABLE_OBJC_WEAK = YES;
				CLANG_WARN_BLOCK_CAPTURE_AUTORELEASING = YES;
				CLANG_WARN_BOOL_CONVERSION = YES;
				CLANG_WARN_COMMA = YES;
				CLANG_WARN_CONSTANT_CONVERSION = YES;
				CLANG_WARN_DEPRECATED_OBJC_IMPLEMENTATIONS = YES;
				CLANG_WARN_DIRECT_OBJC_ISA_USAGE = YES_ERROR;
				CLANG_WARN_DOCUMENTATION_COMMENTS = YES;
				CLANG_WARN_EMPTY_BODY = YES;
				CLANG_WARN_ENUM_CONVERSION = YES;
				CLANG_WARN_INFINITE_RECURSION = YES;
				CLANG_WARN_INT_CONVERSION = YES;
				CLANG_WARN_NON_LITERAL_NULL_CONVERSION = YES;
				CLANG_WARN_OBJC_IMPLICIT_RETAIN_SELF = YES;
				CLANG_WARN_OBJC_LITERAL_CONVERSION = YES;
				CLANG_WARN_OBJC_ROOT_CLASS = YES_ERROR;
				CLANG_WARN_QUOTED_INCLUDE_IN_FRAMEWORK_HEADER = YES;
				CLANG_WARN_RANGE_LOOP_ANALYSIS = YES;
				CLANG_WARN_STRICT_PROTOTYPES = YES;
				CLANG_WARN_SUSPICIOUS_MOVE = YES;
				CLANG_WARN_UNGUARDED_AVAILABILITY = YES_AGGRESSIVE;
				CLANG_WARN_UNREACHABLE_CODE = YES;
				CLANG_WARN__DUPLICATE_METHOD_MATCH = YES;
				COPY_PHASE_STRIP = NO;
				DEBUG_INFORMATION_FORMAT = "dwarf-with-dsym";
				ENABLE_NS_ASSERTIONS = NO;
				ENABLE_STRICT_OBJC_MSGSEND = YES;
				ENABLE_USER_SCRIPT_SANDBOXING = YES;
				GCC_C_LANGUAGE_STANDARD = gnu17;
				GCC_NO_COMMON_BLOCKS = YES;
				GCC_WARN_64_TO_32_BIT_CONVERSION = YES;
				GCC_WARN_ABOUT_RETURN_TYPE = YES_ERROR;
				GCC_WARN_UNDECLARED_SELECTOR = YES;
				GCC_WARN_UNINITIALIZED_AUTOS = YES_AGGRESSIVE;
				GCC_WARN_UNUSED_FUNCTION = YES;
				GCC_WARN_UNUSED_VARIABLE = YES;
				IPHONEOS_DEPLOYMENT_TARGET = 17.0;
				LOCALIZATION_PREFERS_STRING_CATALOGS = YES;
				MTL_ENABLE_DEBUG_INFO = NO;
				MTL_FAST_MATH = YES;
				SDKROOT = iphoneos;
				SWIFT_COMPILATION_MODE = wholemodule;
				VALIDATE_PRODUCT = YES;
			};
			name = Release;
		};
		21E10B302C81B15B001BB02A /* Debug */ = {
			isa = XCBuildConfiguration;
			buildSettings = {
				ALWAYS_EMBED_SWIFT_STANDARD_LIBRARIES = YES;
				ASSETCATALOG_COMPILER_APPICON_NAME = AppIcon;
				ASSETCATALOG_COMPILER_GLOBAL_ACCENT_COLOR_NAME = AccentColor;
				CODE_SIGN_STYLE = Automatic;
				CURRENT_PROJECT_VERSION = 1;
				DEVELOPMENT_ASSET_PATHS = "\"StopWatch/Preview Content\"";
				ENABLE_PREVIEWS = YES;
				GENERATE_INFOPLIST_FILE = YES;
				INFOPLIST_FILE = StopWatch/Info.plist;
				INFOPLIST_KEY_NSSupportsLiveActivities = YES;
				INFOPLIST_KEY_UIApplicationSceneManifest_Generation = YES;
				INFOPLIST_KEY_UIApplicationSupportsIndirectInputEvents = YES;
				INFOPLIST_KEY_UILaunchScreen_Generation = YES;
				INFOPLIST_KEY_UISupportedInterfaceOrientations_iPad = "UIInterfaceOrientationPortrait UIInterfaceOrientationPortraitUpsideDown UIInterfaceOrientationLandscapeLeft UIInterfaceOrientationLandscapeRight";
				INFOPLIST_KEY_UISupportedInterfaceOrientations_iPhone = "UIInterfaceOrientationPortrait UIInterfaceOrientationLandscapeLeft UIInterfaceOrientationLandscapeRight";
				LD_RUNPATH_SEARCH_PATHS = (
					"$(inherited)",
					"@executable_path/Frameworks",
				);
				MARKETING_VERSION = 1.0;
				PRODUCT_BUNDLE_IDENTIFIER = nishanvibikavi.StopWatch;
				PRODUCT_NAME = "$(TARGET_NAME)";
				SWIFT_EMIT_LOC_STRINGS = YES;
				SWIFT_VERSION = 5.0;
				TARGETED_DEVICE_FAMILY = "1,2";
			};
			name = Debug;
		};
		21E10B312C81B15B001BB02A /* Release */ = {
			isa = XCBuildConfiguration;
			buildSettings = {
				ALWAYS_EMBED_SWIFT_STANDARD_LIBRARIES = YES;
				ASSETCATALOG_COMPILER_APPICON_NAME = AppIcon;
				ASSETCATALOG_COMPILER_GLOBAL_ACCENT_COLOR_NAME = AccentColor;
				CODE_SIGN_STYLE = Automatic;
				CURRENT_PROJECT_VERSION = 1;
				DEVELOPMENT_ASSET_PATHS = "\"StopWatch/Preview Content\"";
				ENABLE_PREVIEWS = YES;
				GENERATE_INFOPLIST_FILE = YES;
				INFOPLIST_FILE = StopWatch/Info.plist;
				INFOPLIST_KEY_NSSupportsLiveActivities = YES;
				INFOPLIST_KEY_UIApplicationSceneManifest_Generation = YES;
				INFOPLIST_KEY_UIApplicationSupportsIndirectInputEvents = YES;
				INFOPLIST_KEY_UILaunchScreen_Generation = YES;
				INFOPLIST_KEY_UISupportedInterfaceOrientations_iPad = "UIInterfaceOrientationPortrait UIInterfaceOrientationPortraitUpsideDown UIInterfaceOrientationLandscapeLeft UIInterfaceOrientationLandscapeRight";
				INFOPLIST_KEY_UISupportedInterfaceOrientations_iPhone = "UIInterfaceOrientationPortrait UIInterfaceOrientationLandscapeLeft UIInterfaceOrientationLandscapeRight";
				LD_RUNPATH_SEARCH_PATHS = (
					"$(inherited)",
					"@executable_path/Frameworks",
				);
				MARKETING_VERSION = 1.0;
				PRODUCT_BUNDLE_IDENTIFIER = nishanvibikavi.StopWatch;
				PRODUCT_NAME = "$(TARGET_NAME)";
				SWIFT_EMIT_LOC_STRINGS = YES;
				SWIFT_VERSION = 5.0;
				TARGETED_DEVICE_FAMILY = "1,2";
			};
			name = Release;
		};
		21E10BC42C81EF75001BB02A /* Debug */ = {
			isa = XCBuildConfiguration;
			buildSettings = {
				ASSETCATALOG_COMPILER_GLOBAL_ACCENT_COLOR_NAME = AccentColor;
				ASSETCATALOG_COMPILER_WIDGET_BACKGROUND_COLOR_NAME = WidgetBackground;
				CODE_SIGN_STYLE = Automatic;
				CURRENT_PROJECT_VERSION = 1;
				GENERATE_INFOPLIST_FILE = YES;
				INFOPLIST_FILE = LiveTimeActivity/Info.plist;
				INFOPLIST_KEY_CFBundleDisplayName = LiveTimeActivity;
				INFOPLIST_KEY_NSHumanReadableCopyright = "";
				LD_RUNPATH_SEARCH_PATHS = (
					"$(inherited)",
					"@executable_path/Frameworks",
					"@executable_path/../../Frameworks",
				);
				MARKETING_VERSION = 1.0;
				PRODUCT_BUNDLE_IDENTIFIER = nishanvibikavi.StopWatch.LiveTimeActivity;
				PRODUCT_NAME = "$(TARGET_NAME)";
				SKIP_INSTALL = YES;
				SWIFT_EMIT_LOC_STRINGS = YES;
				SWIFT_VERSION = 5.0;
				TARGETED_DEVICE_FAMILY = "1,2";
			};
			name = Debug;
		};
		21E10BC52C81EF75001BB02A /* Release */ = {
			isa = XCBuildConfiguration;
			buildSettings = {
				ASSETCATALOG_COMPILER_GLOBAL_ACCENT_COLOR_NAME = AccentColor;
				ASSETCATALOG_COMPILER_WIDGET_BACKGROUND_COLOR_NAME = WidgetBackground;
				CODE_SIGN_STYLE = Automatic;
				CURRENT_PROJECT_VERSION = 1;
				GENERATE_INFOPLIST_FILE = YES;
				INFOPLIST_FILE = LiveTimeActivity/Info.plist;
				INFOPLIST_KEY_CFBundleDisplayName = LiveTimeActivity;
				INFOPLIST_KEY_NSHumanReadableCopyright = "";
				LD_RUNPATH_SEARCH_PATHS = (
					"$(inherited)",
					"@executable_path/Frameworks",
					"@executable_path/../../Frameworks",
				);
				MARKETING_VERSION = 1.0;
				PRODUCT_BUNDLE_IDENTIFIER = nishanvibikavi.StopWatch.LiveTimeActivity;
				PRODUCT_NAME = "$(TARGET_NAME)";
				SKIP_INSTALL = YES;
				SWIFT_EMIT_LOC_STRINGS = YES;
				SWIFT_VERSION = 5.0;
				TARGETED_DEVICE_FAMILY = "1,2";
			};
			name = Release;
		};
/* End XCBuildConfiguration section */

/* Begin XCConfigurationList section */
		21E10B1C2C81B159001BB02A /* Build configuration list for PBXProject "StopWatch" */ = {
			isa = XCConfigurationList;
			buildConfigurations = (
				21E10B2D2C81B15B001BB02A /* Debug */,
				21E10B2E2C81B15B001BB02A /* Release */,
			);
			defaultConfigurationIsVisible = 0;
			defaultConfigurationName = Release;
		};
		21E10B2F2C81B15B001BB02A /* Build configuration list for PBXNativeTarget "StopWatch" */ = {
			isa = XCConfigurationList;
			buildConfigurations = (
				21E10B302C81B15B001BB02A /* Debug */,
				21E10B312C81B15B001BB02A /* Release */,
			);
			defaultConfigurationIsVisible = 0;
			defaultConfigurationName = Release;
		};
		21E10BC32C81EF75001BB02A /* Build configuration list for PBXNativeTarget "LiveTimeActivityExtension" */ = {
			isa = XCConfigurationList;
			buildConfigurations = (
				21E10BC42C81EF75001BB02A /* Debug */,
				21E10BC52C81EF75001BB02A /* Release */,
			);
			defaultConfigurationIsVisible = 0;
			defaultConfigurationName = Release;
		};
/* End XCConfigurationList section */
	};
	rootObject = 21E10B192C81B159001BB02A /* Project object */;
}
